PODS:
  - Crashlytics (3.10.8):
    - Fabric (~> 1.7.12)
  - DateToolsSwift (4.0.0)
  - Fabric (1.7.12)
  - Kanna (4.0.2)

DEPENDENCIES:
  - Crashlytics
  - DateToolsSwift
  - Fabric
  - Kanna (~> 4.0.0)

SPEC REPOS:
  https://github.com/CocoaPods/Specs.git:
    - Crashlytics
    - DateToolsSwift
    - Fabric
    - Kanna

SPEC CHECKSUMS:
  Crashlytics: 058dc1ba579f6c100bc60a6878703779bff383c4
  DateToolsSwift: 875d97ff9e3a5d54abdd67a269b3f51c757b71ab
  Fabric: d7387db9a31aadff63b147a4b91d982c53afaa4f
  Kanna: c60b61d72554bf04ed1ee074f9b379855cab4892

PODFILE CHECKSUM: 0fd73b2fa0d975c6c8b4edd86e68689c93d84e6e

COCOAPODS: 1.5.0
