// !$*UTF8*$!
{
	archiveVersion = 1;
	classes = {
	};
	objectVersion = 48;
	objects = {

/* Begin PBXBuildFile section */
		61CE984A1F57F81300DCB3B4 /* AppDelegate.swift in Sources */ = {isa = PBXBuildFile; fileRef = 61CE98491F57F81300DCB3B4 /* AppDelegate.swift */; };
		61CE984C1F57F81300DCB3B4 /* ViewController.swift in Sources */ = {isa = PBXBuildFile; fileRef = 61CE984B1F57F81300DCB3B4 /* ViewController.swift */; };
		61CE984F1F57F81300DCB3B4 /* Main.storyboard in Resources */ = {isa = PBXBuildFile; fileRef = 61CE984D1F57F81300DCB3B4 /* Main.storyboard */; };
		61CE98511F57F81300DCB3B4 /* Assets.xcassets in Resources */ = {isa = PBXBuildFile; fileRef = 61CE98501F57F81300DCB3B4 /* Assets.xcassets */; };
		61CE98541F57F81300DCB3B4 /* LaunchScreen.storyboard in Resources */ = {isa = PBXBuildFile; fileRef = 61CE98521F57F81300DCB3B4 /* LaunchScreen.storyboard */; };
/* End PBXBuildFile section */

/* Begin PBXFileReference section */
		61CE98461F57F81300DCB3B4 /* Agendawg.app */ = {isa = PBXFileReference; explicitFileType = wrapper.application; includeInIndex = 0; path = Agendawg.app; sourceTree = BUILT_PRODUCTS_DIR; };
		61CE98491F57F81300DCB3B4 /* AppDelegate.swift */ = {isa = PBXFileReference; lastKnownFileType = sourcecode.swift; path = AppDelegate.swift; sourceTree = "<group>"; };
		61CE984B1F57F81300DCB3B4 /* ViewController.swift */ = {isa = PBXFileReference; lastKnownFileType = sourcecode.swift; path = ViewController.swift; sourceTree = "<group>"; };
		61CE984E1F57F81300DCB3B4 /* Base */ = {isa = PBXFileReference; lastKnownFileType = file.storyboard; name = Base; path = Base.lproj/Main.storyboard; sourceTree = "<group>"; };
		61CE98501F57F81300DCB3B4 /* Assets.xcassets */ = {isa = PBXFileReference; lastKnownFileType = folder.assetcatalog; path = Assets.xcassets; sourceTree = "<group>"; };
		61CE98531F57F81300DCB3B4 /* Base */ = {isa = PBXFileReference; lastKnownFileType = file.storyboard; name = Base; path = Base.lproj/LaunchScreen.storyboard; sourceTree = "<group>"; };
		61CE98551F57F81300DCB3B4 /* Info.plist */ = {isa = PBXFileReference; lastKnownFileType = text.plist.xml; path = Info.plist; sourceTree = "<group>"; };
/* End PBXFileReference section */

/* Begin PBXFrameworksBuildPhase section */
		61CE98431F57F81300DCB3B4 /* Frameworks */ = {
			isa = PBXFrameworksBuildPhase;
			buildActionMask = 2147483647;
			files = (
			);
			runOnlyForDeploymentPostprocessing = 0;
		};
/* End PBXFrameworksBuildPhase section */

/* Begin PBXGroup section */
		61CE983D1F57F81300DCB3B4 = {
			isa = PBXGroup;
			children = (
				61CE98481F57F81300DCB3B4 /* Agendawg */,
				61CE98471F57F81300DCB3B4 /* Products */,
			);
			sourceTree = "<group>";
		};
		61CE98471F57F81300DCB3B4 /* Products */ = {
			isa = PBXGroup;
			children = (
				61CE98461F57F81300DCB3B4 /* Agendawg.app */,
			);
			name = Products;
			sourceTree = "<group>";
		};
		61CE98481F57F81300DCB3B4 /* Agendawg */ = {
			isa = PBXGroup;
			children = (
				61CE98491F57F81300DCB3B4 /* AppDelegate.swift */,
				61CE984B1F57F81300DCB3B4 /* ViewController.swift */,
				61CE984D1F57F81300DCB3B4 /* Main.storyboard */,
				61CE98501F57F81300DCB3B4 /* Assets.xcassets */,
				61CE98521F57F81300DCB3B4 /* LaunchScreen.storyboard */,
				61CE98551F57F81300DCB3B4 /* Info.plist */,
			);
			path = Agendawg;
			sourceTree = "<group>";
		};
/* End PBXGroup section */

/* Begin PBXNativeTarget section */
		61CE98451F57F81300DCB3B4 /* Agendawg */ = {
			isa = PBXNativeTarget;
			buildConfigurationList = 61CE98581F57F81300DCB3B4 /* Build configuration list for PBXNativeTarget "Agendawg" */;
			buildPhases = (
				61CE98421F57F81300DCB3B4 /* Sources */,
				61CE98431F57F81300DCB3B4 /* Frameworks */,
				61CE98441F57F81300DCB3B4 /* Resources */,
			);
			buildRules = (
			);
			dependencies = (
			);
			name = Agendawg;
			productName = Agendawg;
			productReference = 61CE98461F57F81300DCB3B4 /* Agendawg.app */;
			productType = "com.apple.product-type.application";
		};
/* End PBXNativeTarget section */

/* Begin PBXProject section */
		61CE983E1F57F81300DCB3B4 /* Project object */ = {
			isa = PBXProject;
			attributes = {
				LastSwiftUpdateCheck = 0900;
				LastUpgradeCheck = 0900;
				ORGANIZATIONNAME = "Sam Gehman";
				TargetAttributes = {
					61CE98451F57F81300DCB3B4 = {
						CreatedOnToolsVersion = 9.0;
					};
				};
			};
			buildConfigurationList = 61CE98411F57F81300DCB3B4 /* Build configuration list for PBXProject "Agendawg" */;
			compatibilityVersion = "Xcode 8.0";
			developmentRegion = en;
			hasScannedForEncodings = 0;
			knownRegions = (
				en,
				Base,
			);
			mainGroup = 61CE983D1F57F81300DCB3B4;
			productRefGroup = 61CE98471F57F81300DCB3B4 /* Products */;
			projectDirPath = "";
			projectRoot = "";
			targets = (
				61CE98451F57F81300DCB3B4 /* Agendawg */,
			);
		};
/* End PBXProject section */

/* Begin PBXResourcesBuildPhase section */
		61CE98441F57F81300DCB3B4 /* Resources */ = {
			isa = PBXResourcesBuildPhase;
			buildActionMask = 2147483647;
			files = (
				61CE98541F57F81300DCB3B4 /* LaunchScreen.storyboard in Resources */,
				61CE98511F57F81300DCB3B4 /* Assets.xcassets in Resources */,
				61CE984F1F57F81300DCB3B4 /* Main.storyboard in Resources */,
			);
			runOnlyForDeploymentPostprocessing = 0;
		};
/* End PBXResourcesBuildPhase section */

/* Begin PBXSourcesBuildPhase section */
		61CE98421F57F81300DCB3B4 /* Sources */ = {
			isa = PBXSourcesBuildPhase;
			buildActionMask = 2147483647;
			files = (
				61CE984C1F57F81300DCB3B4 /* ViewController.swift in Sources */,
				61CE984A1F57F81300DCB3B4 /* AppDelegate.swift in Sources */,
			);
			runOnlyForDeploymentPostprocessing = 0;
		};
/* End PBXSourcesBuildPhase section */

/* Begin PBXVariantGroup section */
		61CE984D1F57F81300DCB3B4 /* Main.storyboard */ = {
			isa = PBXVariantGroup;
			children = (
				61CE984E1F57F81300DCB3B4 /* Base */,
			);
			name = Main.storyboard;
			sourceTree = "<group>";
		};
		61CE98521F57F81300DCB3B4 /* LaunchScreen.storyboard */ = {
			isa = PBXVariantGroup;
			children = (
				61CE98531F57F81300DCB3B4 /* Base */,
			);
			name = LaunchScreen.storyboard;
			sourceTree = "<group>";
		};
/* End PBXVariantGroup section */

/* Begin XCBuildConfiguration section */
		61CE98561F57F81300DCB3B4 /* Debug */ = {
			isa = XCBuildConfiguration;
			buildSettings = {
				ALWAYS_SEARCH_USER_PATHS = NO;
				CLANG_ANALYZER_NONNULL = YES;
				CLANG_ANALYZER_NUMBER_OBJECT_CONVERSION = YES_AGGRESSIVE;
				CLANG_CXX_LANGUAGE_STANDARD = "gnu++14";
				CLANG_CXX_LIBRARY = "libc++";
				CLANG_ENABLE_MODULES = YES;
				CLANG_ENABLE_OBJC_ARC = YES;
				CLANG_WARN_BLOCK_CAPTURE_AUTORELEASING = YES;
				CLANG_WARN_BOOL_CONVERSION = YES;
				CLANG_WARN_COMMA = YES;
				CLANG_WARN_CONSTANT_CONVERSION = YES;
				CLANG_WARN_DIRECT_OBJC_ISA_USAGE = YES_ERROR;
				CLANG_WARN_DOCUMENTATION_COMMENTS = YES;
				CLANG_WARN_EMPTY_BODY = YES;
				CLANG_WARN_ENUM_CONVERSION = YES;
				CLANG_WARN_INFINITE_RECURSION = YES;
				CLANG_WARN_INT_CONVERSION = YES;
				CLANG_WARN_NON_LITERAL_NULL_CONVERSION = YES;
				CLANG_WARN_OBJC_LITERAL_CONVERSION = YES;
				CLANG_WARN_OBJC_ROOT_CLASS = YES_ERROR;
				CLANG_WARN_RANGE_LOOP_ANALYSIS = YES;
				CLANG_WARN_STRICT_PROTOTYPES = YES;
				CLANG_WARN_SUSPICIOUS_MOVE = YES;
				CLANG_WARN_UNGUARDED_AVAILABILITY = YES_AGGRESSIVE;
				CLANG_WARN_UNREACHABLE_CODE = YES;
				CLANG_WARN__DUPLICATE_METHOD_MATCH = YES;
				CODE_SIGN_IDENTITY = "iPhone Developer";
				COPY_PHASE_STRIP = NO;
				DEBUG_INFORMATION_FORMAT = dwarf;
				ENABLE_STRICT_OBJC_MSGSEND = YES;
				ENABLE_TESTABILITY = YES;
				GCC_C_LANGUAGE_STANDARD = gnu11;
				GCC_DYNAMIC_NO_PIC = NO;
				GCC_NO_COMMON_BLOCKS = YES;
				GCC_OPTIMIZATION_LEVEL = 0;
				GCC_PREPROCESSOR_DEFINITIONS = (
					"DEBUG=1",
					"$(inherited)",
				);
				GCC_WARN_64_TO_32_BIT_CONVERSION = YES;
				GCC_WARN_ABOUT_RETURN_TYPE = YES_ERROR;
				GCC_WARN_UNDECLARED_SELECTOR = YES;
				GCC_WARN_UNINITIALIZED_AUTOS = YES_AGGRESSIVE;
				GCC_WARN_UNUSED_FUNCTION = YES;
				GCC_WARN_UNUSED_VARIABLE = YES;
				IPHONEOS_DEPLOYMENT_TARGET = 11.0;
				MTL_ENABLE_DEBUG_INFO = YES;
				ONLY_ACTIVE_ARCH = YES;
				SDKROOT = iphoneos;
				SWIFT_ACTIVE_COMPILATION_CONDITIONS = DEBUG;
				SWIFT_OPTIMIZATION_LEVEL = "-Onone";
			};
			name = Debug;
		};
		61CE98571F57F81300DCB3B4 /* Release */ = {
			isa = XCBuildConfiguration;
			buildSettings = {
				ALWAYS_SEARCH_USER_PATHS = NO;
				CLANG_ANALYZER_NONNULL = YES;
				CLANG_ANALYZER_NUMBER_OBJECT_CONVERSION = YES_AGGRESSIVE;
				CLANG_CXX_LANGUAGE_STANDARD = "gnu++14";
				CLANG_CXX_LIBRARY = "libc++";
				CLANG_ENABLE_MODULES = YES;
				CLANG_ENABLE_OBJC_ARC = YES;
				CLANG_WARN_BLOCK_CAPTURE_AUTORELEASING = YES;
				CLANG_WARN_BOOL_CONVERSION = YES;
				CLANG_WARN_COMMA = YES;
				CLANG_WARN_CONSTANT_CONVERSION = YES;
				CLANG_WARN_DIRECT_OBJC_ISA_USAGE = YES_ERROR;
				CLANG_WARN_DOCUMENTATION_COMMENTS = YES;
				CLANG_WARN_EMPTY_BODY = YES;
				CLANG_WARN_ENUM_CONVERSION = YES;
				CLANG_WARN_INFINITE_RECURSION = YES;
				CLANG_WARN_INT_CONVERSION = YES;
				CLANG_WARN_NON_LITERAL_NULL_CONVERSION = YES;
				CLANG_WARN_OBJC_LITERAL_CONVERSION = YES;
				CLANG_WARN_OBJC_ROOT_CLASS = YES_ERROR;
				CLANG_WARN_RANGE_LOOP_ANALYSIS = YES;
				CLANG_WARN_STRICT_PROTOTYPES = YES;
				CLANG_WARN_SUSPICIOUS_MOVE = YES;
				CLANG_WARN_UNGUARDED_AVAILABILITY = YES_AGGRESSIVE;
				CLANG_WARN_UNREACHABLE_CODE = YES;
				CLANG_WARN__DUPLICATE_METHOD_MATCH = YES;
				CODE_SIGN_IDENTITY = "iPhone Developer";
				COPY_PHASE_STRIP = NO;
				DEBUG_INFORMATION_FORMAT = "dwarf-with-dsym";
				ENABLE_NS_ASSERTIONS = NO;
				ENABLE_STRICT_OBJC_MSGSEND = YES;
				GCC_C_LANGUAGE_STANDARD = gnu11;
				GCC_NO_COMMON_BLOCKS = YES;
				GCC_WARN_64_TO_32_BIT_CONVERSION = YES;
				GCC_WARN_ABOUT_RETURN_TYPE = YES_ERROR;
				GCC_WARN_UNDECLARED_SELECTOR = YES;
				GCC_WARN_UNINITIALIZED_AUTOS = YES_AGGRESSIVE;
				GCC_WARN_UNUSED_FUNCTION = YES;
				GCC_WARN_UNUSED_VARIABLE = YES;
				IPHONEOS_DEPLOYMENT_TARGET = 11.0;
				MTL_ENABLE_DEBUG_INFO = NO;
				SDKROOT = iphoneos;
				SWIFT_OPTIMIZATION_LEVEL = "-Owholemodule";
				VALIDATE_PRODUCT = YES;
			};
			name = Release;
		};
		61CE98591F57F81300DCB3B4 /* Debug */ = {
			isa = XCBuildConfiguration;
			buildSettings = {
				ASSETCATALOG_COMPILER_APPICON_NAME = AppIcon;
				DEVELOPMENT_TEAM = 567KX7DD6P;
				INFOPLIST_FILE = Agendawg/Info.plist;
				LD_RUNPATH_SEARCH_PATHS = "$(inherited) @executable_path/Frameworks";
				PRODUCT_BUNDLE_IDENTIFIER = com.samgehman.Agendawg;
				PRODUCT_NAME = "$(TARGET_NAME)";
				SWIFT_VERSION = 4.0;
				TARGETED_DEVICE_FAMILY = "1,2";
			};
			name = Debug;
		};
		61CE985A1F57F81300DCB3B4 /* Release */ = {
			isa = XCBuildConfiguration;
			buildSettings = {
				ASSETCATALOG_COMPILER_APPICON_NAME = AppIcon;
				DEVELOPMENT_TEAM = 567KX7DD6P;
				INFOPLIST_FILE = Agendawg/Info.plist;
				LD_RUNPATH_SEARCH_PATHS = "$(inherited) @executable_path/Frameworks";
				PRODUCT_BUNDLE_IDENTIFIER = com.samgehman.Agendawg;
				PRODUCT_NAME = "$(TARGET_NAME)";
				SWIFT_VERSION = 4.0;
				TARGETED_DEVICE_FAMILY = "1,2";
			};
			name = Release;
		};
/* End XCBuildConfiguration section */

/* Begin XCConfigurationList section */
		61CE98411F57F81300DCB3B4 /* Build configuration list for PBXProject "Agendawg" */ = {
			isa = XCConfigurationList;
			buildConfigurations = (
				61CE98561F57F81300DCB3B4 /* Debug */,
				61CE98571F57F81300DCB3B4 /* Release */,
			);
			defaultConfigurationIsVisible = 0;
			defaultConfigurationName = Release;
		};
		61CE98581F57F81300DCB3B4 /* Build configuration list for PBXNativeTarget "Agendawg" */ = {
			isa = XCConfigurationList;
			buildConfigurations = (
				61CE98591F57F81300DCB3B4 /* Debug */,
				61CE985A1F57F81300DCB3B4 /* Release */,
			);
			defaultConfigurationIsVisible = 0;
			defaultConfigurationName = Release;
		};
/* End XCConfigurationList section */
	};
	rootObject = 61CE983E1F57F81300DCB3B4 /* Project object */;
}
