// !$*UTF8*$!
{
	archiveVersion = 1;
	classes = {
	};
	objectVersion = 48;
	objects = {

/* Begin PBXBuildFile section */
		3674D0FFAE0D328BAFF08818 /* Pods_Agendawg.framework in Frameworks */ = {isa = PBXBuildFile; fileRef = D09974162E63F206FA2EC384 /* Pods_Agendawg.framework */; };
		612A67771F5A7F4D00B5D72D /* WelcomeViewController.swift in Sources */ = {isa = PBXBuildFile; fileRef = 612A67761F5A7F4D00B5D72D /* WelcomeViewController.swift */; };
		612D834F1F58FF4400AE9577 /* Course.swift in Sources */ = {isa = PBXBuildFile; fileRef = 612D834E1F58FF4400AE9577 /* Course.swift */; };
		612D83511F59024200AE9577 /* Schedule.swift in Sources */ = {isa = PBXBuildFile; fileRef = 612D83501F59024200AE9577 /* Schedule.swift */; };
		612D98B91FF3C3F300747E07 /* dates.json in Resources */ = {isa = PBXBuildFile; fileRef = 612D98B81FF3C3F300747E07 /* dates.json */; };
		613D1F1A1F5A29B1000128CD /* Registration.swift in Sources */ = {isa = PBXBuildFile; fileRef = 613D1F191F5A29B1000128CD /* Registration.swift */; };
		61533CF31F5A04DE00EC0306 /* CalendarsViewController.swift in Sources */ = {isa = PBXBuildFile; fileRef = 61533CF21F5A04DE00EC0306 /* CalendarsViewController.swift */; };
		61590FEB1FF242390015EE0E /* CourseFactory.swift in Sources */ = {isa = PBXBuildFile; fileRef = 61590FEA1FF242390015EE0E /* CourseFactory.swift */; };
		61590FEF1FF3682C0015EE0E /* CourseBuilder.swift in Sources */ = {isa = PBXBuildFile; fileRef = 61590FEE1FF3682C0015EE0E /* CourseBuilder.swift */; };
		61A924931F594F9D002C088A /* CoursesViewController.swift in Sources */ = {isa = PBXBuildFile; fileRef = 61A924921F594F9D002C088A /* CoursesViewController.swift */; };
		61A924951F59E9C9002C088A /* CourseTableViewCell.swift in Sources */ = {isa = PBXBuildFile; fileRef = 61A924941F59E9C9002C088A /* CourseTableViewCell.swift */; };
		61CE984A1F57F81300DCB3B4 /* AppDelegate.swift in Sources */ = {isa = PBXBuildFile; fileRef = 61CE98491F57F81300DCB3B4 /* AppDelegate.swift */; };
		61CE984C1F57F81300DCB3B4 /* LoginViewController.swift in Sources */ = {isa = PBXBuildFile; fileRef = 61CE984B1F57F81300DCB3B4 /* LoginViewController.swift */; };
		61CE984F1F57F81300DCB3B4 /* Main.storyboard in Resources */ = {isa = PBXBuildFile; fileRef = 61CE984D1F57F81300DCB3B4 /* Main.storyboard */; };
		61CE98511F57F81300DCB3B4 /* Assets.xcassets in Resources */ = {isa = PBXBuildFile; fileRef = 61CE98501F57F81300DCB3B4 /* Assets.xcassets */; };
		61CE98541F57F81300DCB3B4 /* LaunchScreen.storyboard in Resources */ = {isa = PBXBuildFile; fileRef = 61CE98521F57F81300DCB3B4 /* LaunchScreen.storyboard */; };
		61DB76031F5AB85C002B70DF /* DoneViewController.swift in Sources */ = {isa = PBXBuildFile; fileRef = 61DB76021F5AB85C002B70DF /* DoneViewController.swift */; };
/* End PBXBuildFile section */

/* Begin PBXFileReference section */
		4FC6C97F18CE814868BED945 /* Pods-Agendawg.release.xcconfig */ = {isa = PBXFileReference; includeInIndex = 1; lastKnownFileType = text.xcconfig; name = "Pods-Agendawg.release.xcconfig"; path = "Pods/Target Support Files/Pods-Agendawg/Pods-Agendawg.release.xcconfig"; sourceTree = "<group>"; };
		612A67761F5A7F4D00B5D72D /* WelcomeViewController.swift */ = {isa = PBXFileReference; lastKnownFileType = sourcecode.swift; path = WelcomeViewController.swift; sourceTree = "<group>"; };
		612D834E1F58FF4400AE9577 /* Course.swift */ = {isa = PBXFileReference; lastKnownFileType = sourcecode.swift; path = Course.swift; sourceTree = "<group>"; };
		612D83501F59024200AE9577 /* Schedule.swift */ = {isa = PBXFileReference; lastKnownFileType = sourcecode.swift; path = Schedule.swift; sourceTree = "<group>"; };
		612D98B81FF3C3F300747E07 /* dates.json */ = {isa = PBXFileReference; fileEncoding = 4; lastKnownFileType = text.json; path = dates.json; sourceTree = "<group>"; };
		613D1F191F5A29B1000128CD /* Registration.swift */ = {isa = PBXFileReference; lastKnownFileType = sourcecode.swift; path = Registration.swift; sourceTree = "<group>"; };
		61533CF21F5A04DE00EC0306 /* CalendarsViewController.swift */ = {isa = PBXFileReference; lastKnownFileType = sourcecode.swift; path = CalendarsViewController.swift; sourceTree = "<group>"; };
		61590FEA1FF242390015EE0E /* CourseFactory.swift */ = {isa = PBXFileReference; lastKnownFileType = sourcecode.swift; path = CourseFactory.swift; sourceTree = "<group>"; };
		61590FEE1FF3682C0015EE0E /* CourseBuilder.swift */ = {isa = PBXFileReference; lastKnownFileType = sourcecode.swift; path = CourseBuilder.swift; sourceTree = "<group>"; };
		61A924921F594F9D002C088A /* CoursesViewController.swift */ = {isa = PBXFileReference; lastKnownFileType = sourcecode.swift; path = CoursesViewController.swift; sourceTree = "<group>"; };
		61A924941F59E9C9002C088A /* CourseTableViewCell.swift */ = {isa = PBXFileReference; lastKnownFileType = sourcecode.swift; path = CourseTableViewCell.swift; sourceTree = "<group>"; };
		61CE98461F57F81300DCB3B4 /* Agendawg.app */ = {isa = PBXFileReference; explicitFileType = wrapper.application; includeInIndex = 0; path = Agendawg.app; sourceTree = BUILT_PRODUCTS_DIR; };
		61CE98491F57F81300DCB3B4 /* AppDelegate.swift */ = {isa = PBXFileReference; lastKnownFileType = sourcecode.swift; path = AppDelegate.swift; sourceTree = "<group>"; };
		61CE984B1F57F81300DCB3B4 /* LoginViewController.swift */ = {isa = PBXFileReference; lastKnownFileType = sourcecode.swift; path = LoginViewController.swift; sourceTree = "<group>"; };
		61CE984E1F57F81300DCB3B4 /* Base */ = {isa = PBXFileReference; lastKnownFileType = file.storyboard; name = Base; path = Base.lproj/Main.storyboard; sourceTree = "<group>"; };
		61CE98501F57F81300DCB3B4 /* Assets.xcassets */ = {isa = PBXFileReference; lastKnownFileType = folder.assetcatalog; path = Assets.xcassets; sourceTree = "<group>"; };
		61CE98531F57F81300DCB3B4 /* Base */ = {isa = PBXFileReference; lastKnownFileType = file.storyboard; name = Base; path = Base.lproj/LaunchScreen.storyboard; sourceTree = "<group>"; };
		61CE98551F57F81300DCB3B4 /* Info.plist */ = {isa = PBXFileReference; lastKnownFileType = text.plist.xml; path = Info.plist; sourceTree = "<group>"; };
		61DB76021F5AB85C002B70DF /* DoneViewController.swift */ = {isa = PBXFileReference; lastKnownFileType = sourcecode.swift; path = DoneViewController.swift; sourceTree = "<group>"; };
		A6BCD901581039052BFFC9AD /* Pods-Agendawg.debug.xcconfig */ = {isa = PBXFileReference; includeInIndex = 1; lastKnownFileType = text.xcconfig; name = "Pods-Agendawg.debug.xcconfig"; path = "Pods/Target Support Files/Pods-Agendawg/Pods-Agendawg.debug.xcconfig"; sourceTree = "<group>"; };
		D09974162E63F206FA2EC384 /* Pods_Agendawg.framework */ = {isa = PBXFileReference; explicitFileType = wrapper.framework; includeInIndex = 0; path = Pods_Agendawg.framework; sourceTree = BUILT_PRODUCTS_DIR; };
/* End PBXFileReference section */

/* Begin PBXFrameworksBuildPhase section */
		61CE98431F57F81300DCB3B4 /* Frameworks */ = {
			isa = PBXFrameworksBuildPhase;
			buildActionMask = 2147483647;
			files = (
				3674D0FFAE0D328BAFF08818 /* Pods_Agendawg.framework in Frameworks */,
			);
			runOnlyForDeploymentPostprocessing = 0;
		};
/* End PBXFrameworksBuildPhase section */

/* Begin PBXGroup section */
		613D1F1C1F5A6BED000128CD /* Views */ = {
			isa = PBXGroup;
			children = (
				61533CF21F5A04DE00EC0306 /* CalendarsViewController.swift */,
				61A924941F59E9C9002C088A /* CourseTableViewCell.swift */,
				61A924921F594F9D002C088A /* CoursesViewController.swift */,
				61DB76021F5AB85C002B70DF /* DoneViewController.swift */,
				61CE984B1F57F81300DCB3B4 /* LoginViewController.swift */,
				612A67761F5A7F4D00B5D72D /* WelcomeViewController.swift */,
			);
			path = Views;
			sourceTree = "<group>";
		};
		613D1F1D1F5A6C08000128CD /* Models */ = {
			isa = PBXGroup;
			children = (
				613D1F191F5A29B1000128CD /* Registration.swift */,
				612D834E1F58FF4400AE9577 /* Course.swift */,
				61590FEE1FF3682C0015EE0E /* CourseBuilder.swift */,
				61590FEA1FF242390015EE0E /* CourseFactory.swift */,
				612D83501F59024200AE9577 /* Schedule.swift */,
			);
			path = Models;
			sourceTree = "<group>";
		};
		61CE983D1F57F81300DCB3B4 = {
			isa = PBXGroup;
			children = (
				61CE98481F57F81300DCB3B4 /* Agendawg */,
				61CE98471F57F81300DCB3B4 /* Products */,
				801CB4B21285E13BEB0320B3 /* Pods */,
				D62432D0DC1F0D6C18A4EEE4 /* Frameworks */,
			);
			sourceTree = "<group>";
		};
		61CE98471F57F81300DCB3B4 /* Products */ = {
			isa = PBXGroup;
			children = (
				61CE98461F57F81300DCB3B4 /* Agendawg.app */,
			);
			name = Products;
			sourceTree = "<group>";
		};
		61CE98481F57F81300DCB3B4 /* Agendawg */ = {
			isa = PBXGroup;
			children = (
				61CE98491F57F81300DCB3B4 /* AppDelegate.swift */,
				613D1F1C1F5A6BED000128CD /* Views */,
				613D1F1D1F5A6C08000128CD /* Models */,
				61CE984D1F57F81300DCB3B4 /* Main.storyboard */,
				61CE98501F57F81300DCB3B4 /* Assets.xcassets */,
				61CE98521F57F81300DCB3B4 /* LaunchScreen.storyboard */,
				612D98B81FF3C3F300747E07 /* dates.json */,
				61CE98551F57F81300DCB3B4 /* Info.plist */,
			);
			path = Agendawg;
			sourceTree = "<group>";
		};
		801CB4B21285E13BEB0320B3 /* Pods */ = {
			isa = PBXGroup;
			children = (
				A6BCD901581039052BFFC9AD /* Pods-Agendawg.debug.xcconfig */,
				4FC6C97F18CE814868BED945 /* Pods-Agendawg.release.xcconfig */,
			);
			name = Pods;
			sourceTree = "<group>";
		};
		D62432D0DC1F0D6C18A4EEE4 /* Frameworks */ = {
			isa = PBXGroup;
			children = (
				D09974162E63F206FA2EC384 /* Pods_Agendawg.framework */,
			);
			name = Frameworks;
			sourceTree = "<group>";
		};
/* End PBXGroup section */

/* Begin PBXNativeTarget section */
		61CE98451F57F81300DCB3B4 /* Agendawg */ = {
			isa = PBXNativeTarget;
			buildConfigurationList = 61CE98581F57F81300DCB3B4 /* Build configuration list for PBXNativeTarget "Agendawg" */;
			buildPhases = (
				8396F14C659C77AF697ADA7A /* [CP] Check Pods Manifest.lock */,
				61CE98421F57F81300DCB3B4 /* Sources */,
				61CE98431F57F81300DCB3B4 /* Frameworks */,
				61CE98441F57F81300DCB3B4 /* Resources */,
				6110A0581F5E356D005C6C71 /* ShellScript */,
				C2F5D462404817A502E1F889 /* [CP] Embed Pods Frameworks */,
				A2CC6ED1F9FA69FFFD194F06 /* [CP] Copy Pods Resources */,
			);
			buildRules = (
			);
			dependencies = (
			);
			name = Agendawg;
			productName = Agendawg;
			productReference = 61CE98461F57F81300DCB3B4 /* Agendawg.app */;
			productType = "com.apple.product-type.application";
		};
/* End PBXNativeTarget section */

/* Begin PBXProject section */
		61CE983E1F57F81300DCB3B4 /* Project object */ = {
			isa = PBXProject;
			attributes = {
				LastSwiftUpdateCheck = 0900;
				LastUpgradeCheck = 0900;
				ORGANIZATIONNAME = "Sam Gehman";
				TargetAttributes = {
					61CE98451F57F81300DCB3B4 = {
						CreatedOnToolsVersion = 9.0;
						LastSwiftMigration = 0920;
						ProvisioningStyle = Automatic;
					};
				};
			};
			buildConfigurationList = 61CE98411F57F81300DCB3B4 /* Build configuration list for PBXProject "Agendawg" */;
			compatibilityVersion = "Xcode 8.0";
			developmentRegion = en;
			hasScannedForEncodings = 0;
			knownRegions = (
				en,
				Base,
			);
			mainGroup = 61CE983D1F57F81300DCB3B4;
			productRefGroup = 61CE98471F57F81300DCB3B4 /* Products */;
			projectDirPath = "";
			projectRoot = "";
			targets = (
				61CE98451F57F81300DCB3B4 /* Agendawg */,
			);
		};
/* End PBXProject section */

/* Begin PBXResourcesBuildPhase section */
		61CE98441F57F81300DCB3B4 /* Resources */ = {
			isa = PBXResourcesBuildPhase;
			buildActionMask = 2147483647;
			files = (
				61CE98541F57F81300DCB3B4 /* LaunchScreen.storyboard in Resources */,
				61CE98511F57F81300DCB3B4 /* Assets.xcassets in Resources */,
				61CE984F1F57F81300DCB3B4 /* Main.storyboard in Resources */,
				612D98B91FF3C3F300747E07 /* dates.json in Resources */,
			);
			runOnlyForDeploymentPostprocessing = 0;
		};
/* End PBXResourcesBuildPhase section */

/* Begin PBXShellScriptBuildPhase section */
		6110A0581F5E356D005C6C71 /* ShellScript */ = {
			isa = PBXShellScriptBuildPhase;
			buildActionMask = 2147483647;
			files = (
			);
			inputPaths = (
			);
			outputPaths = (
			);
			runOnlyForDeploymentPostprocessing = 0;
			shellPath = /bin/sh;
			shellScript = "\"${PODS_ROOT}/Fabric/run\" c769eeffb8793d81cabd54942757102d0ab3ff06 a96c84850d00431860e862075872a0921f9440c61e31d15078045ef36a16c39b";
		};
		8396F14C659C77AF697ADA7A /* [CP] Check Pods Manifest.lock */ = {
			isa = PBXShellScriptBuildPhase;
			buildActionMask = 2147483647;
			files = (
			);
			inputPaths = (
				"${PODS_PODFILE_DIR_PATH}/Podfile.lock",
				"${PODS_ROOT}/Manifest.lock",
			);
			name = "[CP] Check Pods Manifest.lock";
			outputPaths = (
				"$(DERIVED_FILE_DIR)/Pods-Agendawg-checkManifestLockResult.txt",
			);
			runOnlyForDeploymentPostprocessing = 0;
			shellPath = /bin/sh;
			shellScript = "diff \"${PODS_PODFILE_DIR_PATH}/Podfile.lock\" \"${PODS_ROOT}/Manifest.lock\" > /dev/null\nif [ $? != 0 ] ; then\n    # print error to STDERR\n    echo \"error: The sandbox is not in sync with the Podfile.lock. Run 'pod install' or update your CocoaPods installation.\" >&2\n    exit 1\nfi\n# This output is used by Xcode 'outputs' to avoid re-running this script phase.\necho \"SUCCESS\" > \"${SCRIPT_OUTPUT_FILE_0}\"\n";
			showEnvVarsInLog = 0;
		};
		A2CC6ED1F9FA69FFFD194F06 /* [CP] Copy Pods Resources */ = {
			isa = PBXShellScriptBuildPhase;
			buildActionMask = 2147483647;
			files = (
			);
			inputPaths = (
			);
			name = "[CP] Copy Pods Resources";
			outputPaths = (
			);
			runOnlyForDeploymentPostprocessing = 0;
			shellPath = /bin/sh;
			shellScript = "\"${SRCROOT}/Pods/Target Support Files/Pods-Agendawg/Pods-Agendawg-resources.sh\"\n";
			showEnvVarsInLog = 0;
		};
		C2F5D462404817A502E1F889 /* [CP] Embed Pods Frameworks */ = {
			isa = PBXShellScriptBuildPhase;
			buildActionMask = 2147483647;
			files = (
			);
			inputPaths = (
				"${SRCROOT}/Pods/Target Support Files/Pods-Agendawg/Pods-Agendawg-frameworks.sh",
				"${BUILT_PRODUCTS_DIR}/DateToolsSwift/DateToolsSwift.framework",
				"${BUILT_PRODUCTS_DIR}/Kanna/Kanna.framework",
			);
			name = "[CP] Embed Pods Frameworks";
			outputPaths = (
				"${TARGET_BUILD_DIR}/${FRAMEWORKS_FOLDER_PATH}/DateToolsSwift.framework",
				"${TARGET_BUILD_DIR}/${FRAMEWORKS_FOLDER_PATH}/Kanna.framework",
			);
			runOnlyForDeploymentPostprocessing = 0;
			shellPath = /bin/sh;
			shellScript = "\"${SRCROOT}/Pods/Target Support Files/Pods-Agendawg/Pods-Agendawg-frameworks.sh\"\n";
			showEnvVarsInLog = 0;
		};
/* End PBXShellScriptBuildPhase section */

/* Begin PBXSourcesBuildPhase section */
		61CE98421F57F81300DCB3B4 /* Sources */ = {
			isa = PBXSourcesBuildPhase;
			buildActionMask = 2147483647;
			files = (
				612A67771F5A7F4D00B5D72D /* WelcomeViewController.swift in Sources */,
				612D834F1F58FF4400AE9577 /* Course.swift in Sources */,
				61CE984C1F57F81300DCB3B4 /* LoginViewController.swift in Sources */,
				61A924951F59E9C9002C088A /* CourseTableViewCell.swift in Sources */,
				61533CF31F5A04DE00EC0306 /* CalendarsViewController.swift in Sources */,
				61CE984A1F57F81300DCB3B4 /* AppDelegate.swift in Sources */,
				61590FEF1FF3682C0015EE0E /* CourseBuilder.swift in Sources */,
				61590FEB1FF242390015EE0E /* CourseFactory.swift in Sources */,
				61DB76031F5AB85C002B70DF /* DoneViewController.swift in Sources */,
				61A924931F594F9D002C088A /* CoursesViewController.swift in Sources */,
				612D83511F59024200AE9577 /* Schedule.swift in Sources */,
				613D1F1A1F5A29B1000128CD /* Registration.swift in Sources */,
			);
			runOnlyForDeploymentPostprocessing = 0;
		};
/* End PBXSourcesBuildPhase section */

/* Begin PBXVariantGroup section */
		61CE984D1F57F81300DCB3B4 /* Main.storyboard */ = {
			isa = PBXVariantGroup;
			children = (
				61CE984E1F57F81300DCB3B4 /* Base */,
			);
			name = Main.storyboard;
			sourceTree = "<group>";
		};
		61CE98521F57F81300DCB3B4 /* LaunchScreen.storyboard */ = {
			isa = PBXVariantGroup;
			children = (
				61CE98531F57F81300DCB3B4 /* Base */,
			);
			name = LaunchScreen.storyboard;
			sourceTree = "<group>";
		};
/* End PBXVariantGroup section */

/* Begin XCBuildConfiguration section */
		61CE98561F57F81300DCB3B4 /* Debug */ = {
			isa = XCBuildConfiguration;
			buildSettings = {
				ALWAYS_SEARCH_USER_PATHS = NO;
				CLANG_ANALYZER_NONNULL = YES;
				CLANG_ANALYZER_NUMBER_OBJECT_CONVERSION = YES_AGGRESSIVE;
				CLANG_CXX_LANGUAGE_STANDARD = "gnu++14";
				CLANG_CXX_LIBRARY = "libc++";
				CLANG_ENABLE_MODULES = YES;
				CLANG_ENABLE_OBJC_ARC = YES;
				CLANG_WARN_BLOCK_CAPTURE_AUTORELEASING = YES;
				CLANG_WARN_BOOL_CONVERSION = YES;
				CLANG_WARN_COMMA = YES;
				CLANG_WARN_CONSTANT_CONVERSION = YES;
				CLANG_WARN_DIRECT_OBJC_ISA_USAGE = YES_ERROR;
				CLANG_WARN_DOCUMENTATION_COMMENTS = YES;
				CLANG_WARN_EMPTY_BODY = YES;
				CLANG_WARN_ENUM_CONVERSION = YES;
				CLANG_WARN_INFINITE_RECURSION = YES;
				CLANG_WARN_INT_CONVERSION = YES;
				CLANG_WARN_NON_LITERAL_NULL_CONVERSION = YES;
				CLANG_WARN_OBJC_LITERAL_CONVERSION = YES;
				CLANG_WARN_OBJC_ROOT_CLASS = YES_ERROR;
				CLANG_WARN_RANGE_LOOP_ANALYSIS = YES;
				CLANG_WARN_STRICT_PROTOTYPES = YES;
				CLANG_WARN_SUSPICIOUS_MOVE = YES;
				CLANG_WARN_UNGUARDED_AVAILABILITY = YES_AGGRESSIVE;
				CLANG_WARN_UNREACHABLE_CODE = YES;
				CLANG_WARN__DUPLICATE_METHOD_MATCH = YES;
				CODE_SIGN_IDENTITY = "iPhone Developer";
				COPY_PHASE_STRIP = NO;
				DEBUG_INFORMATION_FORMAT = "dwarf-with-dsym";
				ENABLE_STRICT_OBJC_MSGSEND = YES;
				ENABLE_TESTABILITY = YES;
				GCC_C_LANGUAGE_STANDARD = gnu11;
				GCC_DYNAMIC_NO_PIC = NO;
				GCC_NO_COMMON_BLOCKS = YES;
				GCC_OPTIMIZATION_LEVEL = 0;
				GCC_PREPROCESSOR_DEFINITIONS = (
					"DEBUG=1",
					"$(inherited)",
				);
				GCC_WARN_64_TO_32_BIT_CONVERSION = YES;
				GCC_WARN_ABOUT_RETURN_TYPE = YES_ERROR;
				GCC_WARN_UNDECLARED_SELECTOR = YES;
				GCC_WARN_UNINITIALIZED_AUTOS = YES_AGGRESSIVE;
				GCC_WARN_UNUSED_FUNCTION = YES;
				GCC_WARN_UNUSED_VARIABLE = YES;
				IPHONEOS_DEPLOYMENT_TARGET = 10.0;
				MTL_ENABLE_DEBUG_INFO = YES;
				ONLY_ACTIVE_ARCH = YES;
				SDKROOT = iphoneos;
				SWIFT_ACTIVE_COMPILATION_CONDITIONS = DEBUG;
				SWIFT_OPTIMIZATION_LEVEL = "-Onone";
			};
			name = Debug;
		};
		61CE98571F57F81300DCB3B4 /* Release */ = {
			isa = XCBuildConfiguration;
			buildSettings = {
				ALWAYS_SEARCH_USER_PATHS = NO;
				CLANG_ANALYZER_NONNULL = YES;
				CLANG_ANALYZER_NUMBER_OBJECT_CONVERSION = YES_AGGRESSIVE;
				CLANG_CXX_LANGUAGE_STANDARD = "gnu++14";
				CLANG_CXX_LIBRARY = "libc++";
				CLANG_ENABLE_MODULES = YES;
				CLANG_ENABLE_OBJC_ARC = YES;
				CLANG_WARN_BLOCK_CAPTURE_AUTORELEASING = YES;
				CLANG_WARN_BOOL_CONVERSION = YES;
				CLANG_WARN_COMMA = YES;
				CLANG_WARN_CONSTANT_CONVERSION = YES;
				CLANG_WARN_DIRECT_OBJC_ISA_USAGE = YES_ERROR;
				CLANG_WARN_DOCUMENTATION_COMMENTS = YES;
				CLANG_WARN_EMPTY_BODY = YES;
				CLANG_WARN_ENUM_CONVERSION = YES;
				CLANG_WARN_INFINITE_RECURSION = YES;
				CLANG_WARN_INT_CONVERSION = YES;
				CLANG_WARN_NON_LITERAL_NULL_CONVERSION = YES;
				CLANG_WARN_OBJC_LITERAL_CONVERSION = YES;
				CLANG_WARN_OBJC_ROOT_CLASS = YES_ERROR;
				CLANG_WARN_RANGE_LOOP_ANALYSIS = YES;
				CLANG_WARN_STRICT_PROTOTYPES = YES;
				CLANG_WARN_SUSPICIOUS_MOVE = YES;
				CLANG_WARN_UNGUARDED_AVAILABILITY = YES_AGGRESSIVE;
				CLANG_WARN_UNREACHABLE_CODE = YES;
				CLANG_WARN__DUPLICATE_METHOD_MATCH = YES;
				CODE_SIGN_IDENTITY = "iPhone Developer";
				COPY_PHASE_STRIP = NO;
				DEBUG_INFORMATION_FORMAT = "dwarf-with-dsym";
				ENABLE_NS_ASSERTIONS = NO;
				ENABLE_STRICT_OBJC_MSGSEND = YES;
				GCC_C_LANGUAGE_STANDARD = gnu11;
				GCC_NO_COMMON_BLOCKS = YES;
				GCC_WARN_64_TO_32_BIT_CONVERSION = YES;
				GCC_WARN_ABOUT_RETURN_TYPE = YES_ERROR;
				GCC_WARN_UNDECLARED_SELECTOR = YES;
				GCC_WARN_UNINITIALIZED_AUTOS = YES_AGGRESSIVE;
				GCC_WARN_UNUSED_FUNCTION = YES;
				GCC_WARN_UNUSED_VARIABLE = YES;
				IPHONEOS_DEPLOYMENT_TARGET = 10.0;
				MTL_ENABLE_DEBUG_INFO = NO;
				SDKROOT = iphoneos;
				SWIFT_OPTIMIZATION_LEVEL = "-Owholemodule";
				VALIDATE_PRODUCT = YES;
			};
			name = Release;
		};
		61CE98591F57F81300DCB3B4 /* Debug */ = {
			isa = XCBuildConfiguration;
			baseConfigurationReference = A6BCD901581039052BFFC9AD /* Pods-Agendawg.debug.xcconfig */;
			buildSettings = {
				ASSETCATALOG_COMPILER_APPICON_NAME = AppIcon;
				"CODE_SIGN_IDENTITY[sdk=iphoneos*]" = "iPhone Developer";
				DEVELOPMENT_TEAM = 567KX7DD6P;
				INFOPLIST_FILE = Agendawg/Info.plist;
				IPHONEOS_DEPLOYMENT_TARGET = 10.0;
				LD_RUNPATH_SEARCH_PATHS = "$(inherited) @executable_path/Frameworks";
				PRODUCT_BUNDLE_IDENTIFIER = com.samgehman.Agendawg;
				PRODUCT_NAME = "$(TARGET_NAME)";
				PROVISIONING_PROFILE = "";
				PROVISIONING_PROFILE_SPECIFIER = "";
				SWIFT_SWIFT3_OBJC_INFERENCE = Default;
				SWIFT_VERSION = 4.0;
				TARGETED_DEVICE_FAMILY = "1,2";
			};
			name = Debug;
		};
		61CE985A1F57F81300DCB3B4 /* Release */ = {
			isa = XCBuildConfiguration;
			baseConfigurationReference = 4FC6C97F18CE814868BED945 /* Pods-Agendawg.release.xcconfig */;
			buildSettings = {
				ASSETCATALOG_COMPILER_APPICON_NAME = AppIcon;
				"CODE_SIGN_IDENTITY[sdk=iphoneos*]" = "iPhone Developer";
				DEVELOPMENT_TEAM = 567KX7DD6P;
				INFOPLIST_FILE = Agendawg/Info.plist;
				IPHONEOS_DEPLOYMENT_TARGET = 10.0;
				LD_RUNPATH_SEARCH_PATHS = "$(inherited) @executable_path/Frameworks";
				PRODUCT_BUNDLE_IDENTIFIER = com.samgehman.Agendawg;
				PRODUCT_NAME = "$(TARGET_NAME)";
				PROVISIONING_PROFILE_SPECIFIER = "";
				SWIFT_SWIFT3_OBJC_INFERENCE = Default;
				SWIFT_VERSION = 4.0;
				TARGETED_DEVICE_FAMILY = "1,2";
			};
			name = Release;
		};
/* End XCBuildConfiguration section */

/* Begin XCConfigurationList section */
		61CE98411F57F81300DCB3B4 /* Build configuration list for PBXProject "Agendawg" */ = {
			isa = XCConfigurationList;
			buildConfigurations = (
				61CE98561F57F81300DCB3B4 /* Debug */,
				61CE98571F57F81300DCB3B4 /* Release */,
			);
			defaultConfigurationIsVisible = 0;
			defaultConfigurationName = Release;
		};
		61CE98581F57F81300DCB3B4 /* Build configuration list for PBXNativeTarget "Agendawg" */ = {
			isa = XCConfigurationList;
			buildConfigurations = (
				61CE98591F57F81300DCB3B4 /* Debug */,
				61CE985A1F57F81300DCB3B4 /* Release */,
			);
			defaultConfigurationIsVisible = 0;
			defaultConfigurationName = Release;
		};
/* End XCConfigurationList section */
	};
	rootObject = 61CE983E1F57F81300DCB3B4 /* Project object */;
}
